
Microsoft Visual Studio Solution File, Format Version 12.00
# Visual Studio 15
VisualStudioVersion = 15.0.28307.168
MinimumVisualStudioVersion = 10.0.40219.1
Project("{FAE04EC0-301F-11D3-BF4B-00C04F79EFBC}") = "FirstWebCore", "FirstWebCore\FirstWebCore.csproj", "{F4B8ED61-D664-4D3B-9866-25EFCEA04BAB}"
EndProject
Global
	GlobalSection(SolutionConfigurationPlatforms) = preSolution
		Debug|Any CPU = Debug|Any CPU
		Release|Any CPU = Release|Any CPU
	EndGlobalSection
	GlobalSection(ProjectConfigurationPlatforms) = postSolution
		{F4B8ED61-D664-4D3B-9866-25EFCEA04BAB}.Debug|Any CPU.ActiveCfg = Debug|Any CPU
		{F4B8ED61-D664-4D3B-9866-25EFCEA04BAB}.Debug|Any CPU.Build.0 = Debug|Any CPU
		{F4B8ED61-D664-4D3B-9866-25EFCEA04BAB}.Release|Any CPU.ActiveCfg = Release|Any CPU
		{F4B8ED61-D664-4D3B-9866-25EFCEA04BAB}.Release|Any CPU.Build.0 = Release|Any CPU
	EndGlobalSection
	GlobalSection(SolutionProperties) = preSolution
		HideSolutionNode = FALSE
	EndGlobalSection
	GlobalSection(ExtensibilityGlobals) = postSolution
		SolutionGuid = {9981003D-53DB-4A26-9F71-08AFA6AF71F8}
	EndGlobalSection
EndGlobal
